
Microsoft Visual Studio Solution File, Format Version 12.00
# Visual Studio 15
VisualStudioVersion = 15.0.27703.2000
MinimumVisualStudioVersion = 10.0.40219.1
Project("{FAE04EC0-301F-11D3-BF4B-00C04F79EFBC}") = "GC_Lab_8", "GC_Lab_8\GC_Lab_8.csproj", "{1EDD969D-5764-4275-942D-B881B0BB70CF}"
EndProject
Global
	GlobalSection(SolutionConfigurationPlatforms) = preSolution
		Debug|Any CPU = Debug|Any CPU
		Release|Any CPU = Release|Any CPU
	EndGlobalSection
	GlobalSection(ProjectConfigurationPlatforms) = postSolution
		{1EDD969D-5764-4275-942D-B881B0BB70CF}.Debug|Any CPU.ActiveCfg = Debug|Any CPU
		{1EDD969D-5764-4275-942D-B881B0BB70CF}.Debug|Any CPU.Build.0 = Debug|Any CPU
		{1EDD969D-5764-4275-942D-B881B0BB70CF}.Release|Any CPU.ActiveCfg = Release|Any CPU
		{1EDD969D-5764-4275-942D-B881B0BB70CF}.Release|Any CPU.Build.0 = Release|Any CPU
	EndGlobalSection
	GlobalSection(SolutionProperties) = preSolution
		HideSolutionNode = FALSE
	EndGlobalSection
	GlobalSection(ExtensibilityGlobals) = postSolution
		SolutionGuid = {E2E353DA-C38A-4682-A7D1-7C4A7B40CC2A}
	EndGlobalSection
EndGlobal
